
Microsoft Visual Studio Solution File, Format Version 12.00
# Visual Studio Version 17
VisualStudioVersion = 17.4.33205.214
MinimumVisualStudioVersion = 10.0.40219.1
Project("{9A19103F-16F7-4668-BE54-9A1E7A4F7556}") = "wpfloginwithdata", "wpfloginwithdata\wpfloginwithdata.csproj", "{F8B41A55-2561-4648-812E-42E35BA5792E}"
EndProject
Global
	GlobalSection(SolutionConfigurationPlatforms) = preSolution
		Debug|Any CPU = Debug|Any CPU
		Release|Any CPU = Release|Any CPU
	EndGlobalSection
	GlobalSection(ProjectConfigurationPlatforms) = postSolution
		{F8B41A55-2561-4648-812E-42E35BA5792E}.Debug|Any CPU.ActiveCfg = Debug|Any CPU
		{F8B41A55-2561-4648-812E-42E35BA5792E}.Debug|Any CPU.Build.0 = Debug|Any CPU
		{F8B41A55-2561-4648-812E-42E35BA5792E}.Release|Any CPU.ActiveCfg = Release|Any CPU
		{F8B41A55-2561-4648-812E-42E35BA5792E}.Release|Any CPU.Build.0 = Release|Any CPU
	EndGlobalSection
	GlobalSection(SolutionProperties) = preSolution
		HideSolutionNode = FALSE
	EndGlobalSection
	GlobalSection(ExtensibilityGlobals) = postSolution
		SolutionGuid = {DD958F0E-24D4-4FED-94A5-0EAF7E3C68A1}
	EndGlobalSection
EndGlobal
