
Microsoft Visual Studio Solution File, Format Version 12.00
# Visual Studio Version 17
VisualStudioVersion = 17.4.33205.214
MinimumVisualStudioVersion = 10.0.40219.1
Project("{FAE04EC0-301F-11D3-BF4B-00C04F79EFBC}") = "seleniumwin", "seleniumwin\seleniumwin.csproj", "{2343E7BD-9F95-4C16-B852-81778355FBDB}"
EndProject
Global
	GlobalSection(SolutionConfigurationPlatforms) = preSolution
		Debug|Any CPU = Debug|Any CPU
		Release|Any CPU = Release|Any CPU
	EndGlobalSection
	GlobalSection(ProjectConfigurationPlatforms) = postSolution
		{2343E7BD-9F95-4C16-B852-81778355FBDB}.Debug|Any CPU.ActiveCfg = Debug|Any CPU
		{2343E7BD-9F95-4C16-B852-81778355FBDB}.Debug|Any CPU.Build.0 = Debug|Any CPU
		{2343E7BD-9F95-4C16-B852-81778355FBDB}.Release|Any CPU.ActiveCfg = Release|Any CPU
		{2343E7BD-9F95-4C16-B852-81778355FBDB}.Release|Any CPU.Build.0 = Release|Any CPU
	EndGlobalSection
	GlobalSection(SolutionProperties) = preSolution
		HideSolutionNode = FALSE
	EndGlobalSection
	GlobalSection(ExtensibilityGlobals) = postSolution
		SolutionGuid = {4F7ACC89-3F18-4593-9960-03F1B8C1F7D9}
	EndGlobalSection
EndGlobal
